{
  "name": "@sitdisch/esbuild-plugin-glslx",
  "version": "0.0.4",
  "lockfileVersion": 2,
  "requires": true,
  "packages": {
    "": {
      "name": "@sitdisch/esbuild-plugin-glslx",
      "version": "0.0.4",
      "license": "MIT",
      "dependencies": {
        "glslx": "0.2.13",
        "prepr": "1.2.4"
      }
    },
    "node_modules/balanced-match": {
      "version": "0.3.0",
      "resolved": "https://registry.npmjs.org/balanced-match/-/balanced-match-0.3.0.tgz",
      "integrity": "sha1-qRzdHr7xqGZZ5w/03vAWJfwtZ1Y="
    },
    "node_modules/escaper": {
      "version": "2.5.3",
      "resolved": "https://registry.npmjs.org/escaper/-/escaper-2.5.3.tgz",
      "integrity": "sha512-QGb9sFxBVpbzMggrKTX0ry1oiI4CSDAl9vIL702hzl1jGW8VZs7qfqTRX7WDOjoNDoEVGcEtu1ZOQgReSfT2kQ=="
    },
    "node_modules/expression-eval": {
      "version": "1.4.0",
      "resolved": "https://registry.npmjs.org/expression-eval/-/expression-eval-1.4.0.tgz",
      "integrity": "sha512-CvpqG2feKjGcr+6NB/ZOA2csOeVL+2DSiWrF/4h0mrdYv4SxR2vCZhLHSst4Sp+xHtN/LQtPfi6i7K9EJwzRGw==",
      "dependencies": {
        "jsep": "^0.3.0"
      }
    },
    "node_modules/glslx": {
      "version": "0.2.13",
      "resolved": "https://registry.npmjs.org/glslx/-/glslx-0.2.13.tgz",
      "integrity": "sha512-AjvDqcG3JGHFphnDpPraIiIVuNigblOGofr8EZFGlHUbpCuPzS43H3oqgd3m8h0+8a4Wf59fG5AMC1XirJjXfg==",
      "bin": {
        "glslx": "glslx"
      }
    },
    "node_modules/jsep": {
      "version": "0.3.5",
      "resolved": "https://registry.npmjs.org/jsep/-/jsep-0.3.5.tgz",
      "integrity": "sha512-AoRLBDc6JNnKjNcmonituEABS5bcfqDhQAWWXNTFrqu6nVXBpBAGfcoTGZMFlIrh9FjmE1CQyX9CTNwZrXMMDA==",
      "engines": {
        "node": ">= 6.0.0"
      }
    },
    "node_modules/object-assign": {
      "version": "4.1.1",
      "resolved": "https://registry.npmjs.org/object-assign/-/object-assign-4.1.1.tgz",
      "integrity": "sha1-IQmtx5ZYh8/AXLvUQsrIv7s2CGM=",
      "engines": {
        "node": ">=0.10.0"
      }
    },
    "node_modules/parenthesis": {
      "version": "3.1.8",
      "resolved": "https://registry.npmjs.org/parenthesis/-/parenthesis-3.1.8.tgz",
      "integrity": "sha512-KF/U8tk54BgQewkJPvB4s/US3VQY68BRDpH638+7O/n58TpnwiwnOtGIOsT2/i+M78s61BBpeC83STB88d8sqw=="
    },
    "node_modules/prepr": {
      "version": "1.2.4",
      "resolved": "https://registry.npmjs.org/prepr/-/prepr-1.2.4.tgz",
      "integrity": "sha512-g2TAN/rTgSpr30qb8UlhqHGK+oGTRr2cCWOI+DRs2Px4/e5jg1db2QDbux/WOK9uMiSPfoi5ZGOvn6lFSu8jeg==",
      "dependencies": {
        "balanced-match": "^0.3.0",
        "escaper": "^2.5.3",
        "expression-eval": "^1.4.0",
        "object-assign": "^4.1.1",
        "parenthesis": "^3.0.0",
        "strip-json-comments": "^2.0.1"
      }
    },
    "node_modules/strip-json-comments": {
      "version": "2.0.1",
      "resolved": "https://registry.npmjs.org/strip-json-comments/-/strip-json-comments-2.0.1.tgz",
      "integrity": "sha1-PFMZQukIwml8DsNEhYwobHygpgo=",
      "engines": {
        "node": ">=0.10.0"
      }
    }
  },
  "dependencies": {
    "balanced-match": {
      "version": "0.3.0",
      "resolved": "https://registry.npmjs.org/balanced-match/-/balanced-match-0.3.0.tgz",
      "integrity": "sha1-qRzdHr7xqGZZ5w/03vAWJfwtZ1Y="
    },
    "escaper": {
      "version": "2.5.3",
      "resolved": "https://registry.npmjs.org/escaper/-/escaper-2.5.3.tgz",
      "integrity": "sha512-QGb9sFxBVpbzMggrKTX0ry1oiI4CSDAl9vIL702hzl1jGW8VZs7qfqTRX7WDOjoNDoEVGcEtu1ZOQgReSfT2kQ=="
    },
    "expression-eval": {
      "version": "1.4.0",
      "resolved": "https://registry.npmjs.org/expression-eval/-/expression-eval-1.4.0.tgz",
      "integrity": "sha512-CvpqG2feKjGcr+6NB/ZOA2csOeVL+2DSiWrF/4h0mrdYv4SxR2vCZhLHSst4Sp+xHtN/LQtPfi6i7K9EJwzRGw==",
      "requires": {
        "jsep": "^0.3.0"
      }
    },
    "glslx": {
      "version": "0.2.13",
      "resolved": "https://registry.npmjs.org/glslx/-/glslx-0.2.13.tgz",
      "integrity": "sha512-AjvDqcG3JGHFphnDpPraIiIVuNigblOGofr8EZFGlHUbpCuPzS43H3oqgd3m8h0+8a4Wf59fG5AMC1XirJjXfg=="
    },
    "jsep": {
      "version": "0.3.5",
      "resolved": "https://registry.npmjs.org/jsep/-/jsep-0.3.5.tgz",
      "integrity": "sha512-AoRLBDc6JNnKjNcmonituEABS5bcfqDhQAWWXNTFrqu6nVXBpBAGfcoTGZMFlIrh9FjmE1CQyX9CTNwZrXMMDA=="
    },
    "object-assign": {
      "version": "4.1.1",
      "resolved": "https://registry.npmjs.org/object-assign/-/object-assign-4.1.1.tgz",
      "integrity": "sha1-IQmtx5ZYh8/AXLvUQsrIv7s2CGM="
    },
    "parenthesis": {
      "version": "3.1.8",
      "resolved": "https://registry.npmjs.org/parenthesis/-/parenthesis-3.1.8.tgz",
      "integrity": "sha512-KF/U8tk54BgQewkJPvB4s/US3VQY68BRDpH638+7O/n58TpnwiwnOtGIOsT2/i+M78s61BBpeC83STB88d8sqw=="
    },
    "prepr": {
      "version": "1.2.4",
      "resolved": "https://registry.npmjs.org/prepr/-/prepr-1.2.4.tgz",
      "integrity": "sha512-g2TAN/rTgSpr30qb8UlhqHGK+oGTRr2cCWOI+DRs2Px4/e5jg1db2QDbux/WOK9uMiSPfoi5ZGOvn6lFSu8jeg==",
      "requires": {
        "balanced-match": "^0.3.0",
        "escaper": "^2.5.3",
        "expression-eval": "^1.4.0",
        "object-assign": "^4.1.1",
        "parenthesis": "^3.0.0",
        "strip-json-comments": "^2.0.1"
      }
    },
    "strip-json-comments": {
      "version": "2.0.1",
      "resolved": "https://registry.npmjs.org/strip-json-comments/-/strip-json-comments-2.0.1.tgz",
      "integrity": "sha1-PFMZQukIwml8DsNEhYwobHygpgo="
    }
  }
}
