{
  "name": "@rottencandy/esbuild-plugin-glslx",
  "version": "0.0.2",
  "lockfileVersion": 2,
  "requires": true,
  "packages": {
    "": {
      "name": "@rottencandy/esbuild-plugin-glslx",
      "version": "0.0.2",
      "license": "MIT",
      "dependencies": {
        "glslx": "0.2.13"
      },
      "devDependencies": {}
    },
    "node_modules/glslx": {
      "version": "0.2.13",
      "resolved": "https://registry.npmjs.org/glslx/-/glslx-0.2.13.tgz",
      "integrity": "sha512-AjvDqcG3JGHFphnDpPraIiIVuNigblOGofr8EZFGlHUbpCuPzS43H3oqgd3m8h0+8a4Wf59fG5AMC1XirJjXfg==",
      "bin": {
        "glslx": "glslx"
      }
    }
  },
  "dependencies": {
    "glslx": {
      "version": "0.2.13",
      "resolved": "https://registry.npmjs.org/glslx/-/glslx-0.2.13.tgz",
      "integrity": "sha512-AjvDqcG3JGHFphnDpPraIiIVuNigblOGofr8EZFGlHUbpCuPzS43H3oqgd3m8h0+8a4Wf59fG5AMC1XirJjXfg=="
    }
  }
}
