{
  "name": "@sitdisch/esbuild-plugin-glslx",
  "version": "0.0.9",
  "lockfileVersion": 2,
  "requires": true,
  "packages": {
    "": {
      "name": "@sitdisch/esbuild-plugin-glslx",
      "version": "0.0.9",
      "license": "MIT",
      "dependencies": {
        "glslx": "0.3.0",
        "prepr": "2.0.1"
      }
    },
    "node_modules/balanced-match": {
      "version": "2.0.0",
      "resolved": "https://registry.npmjs.org/balanced-match/-/balanced-match-2.0.0.tgz",
      "integrity": "sha512-1ugUSr8BHXRnK23KfuYS+gVMC3LB8QGH9W1iGtDPsNWoQbgtXSExkBu2aDR4epiGWZOjZsj6lDl/N/AqqTC3UA=="
    },
    "node_modules/escaper": {
      "version": "2.5.3",
      "resolved": "https://registry.npmjs.org/escaper/-/escaper-2.5.3.tgz",
      "integrity": "sha512-QGb9sFxBVpbzMggrKTX0ry1oiI4CSDAl9vIL702hzl1jGW8VZs7qfqTRX7WDOjoNDoEVGcEtu1ZOQgReSfT2kQ=="
    },
    "node_modules/glslx": {
      "version": "0.3.0",
      "resolved": "https://registry.npmjs.org/glslx/-/glslx-0.3.0.tgz",
      "integrity": "sha512-T6RUrpLr7fRXUFWc5nAUN42tEzjYDLEJC1HcjIL7tXAGfsjXXslTmFhsC8cJPnB22r1D1MaXt/JmY/ugrXRj/Q==",
      "bin": {
        "glslx": "glslx"
      }
    },
    "node_modules/object-assign": {
      "version": "4.1.1",
      "resolved": "https://registry.npmjs.org/object-assign/-/object-assign-4.1.1.tgz",
      "integrity": "sha1-IQmtx5ZYh8/AXLvUQsrIv7s2CGM=",
      "engines": {
        "node": ">=0.10.0"
      }
    },
    "node_modules/parenthesis": {
      "version": "3.1.8",
      "resolved": "https://registry.npmjs.org/parenthesis/-/parenthesis-3.1.8.tgz",
      "integrity": "sha512-KF/U8tk54BgQewkJPvB4s/US3VQY68BRDpH638+7O/n58TpnwiwnOtGIOsT2/i+M78s61BBpeC83STB88d8sqw=="
    },
    "node_modules/prepr": {
      "version": "2.0.1",
      "resolved": "https://registry.npmjs.org/prepr/-/prepr-2.0.1.tgz",
      "integrity": "sha512-NlkMq00i7fMGkYG7Deas85x9eF14Aalo2fg4MSmyOCmcqINGM+sL6qoip33Jn+O2QoeTg21m+U3wgYO34S+3Gg==",
      "dependencies": {
        "balanced-match": "^2.0.0",
        "escaper": "^2.5.3",
        "object-assign": "^4.1.1",
        "parenthesis": "^3.1.8",
        "strip-json-comments": "^3.1.1",
        "subscript": "^7.3.1"
      }
    },
    "node_modules/strip-json-comments": {
      "version": "3.1.1",
      "resolved": "https://registry.npmjs.org/strip-json-comments/-/strip-json-comments-3.1.1.tgz",
      "integrity": "sha512-6fPc+R4ihwqP6N/aIv2f1gMH8lOVtWQHoqC4yK6oSDVVocumAsfCqjkXnqiYMhmMwS/mEHLp7Vehlt3ql6lEig==",
      "engines": {
        "node": ">=8"
      },
      "funding": {
        "url": "https://github.com/sponsors/sindresorhus"
      }
    },
    "node_modules/subscript": {
      "version": "7.3.1",
      "resolved": "https://registry.npmjs.org/subscript/-/subscript-7.3.1.tgz",
      "integrity": "sha512-6GhrvO2MTQU+o099BCzAQFcXE2z76FapKPdQdDe1bkMRzTqcMOkU+BMbdIdzWPPATqu3hNu/AyTiRDFSP0rqYw=="
    }
  },
  "dependencies": {
    "balanced-match": {
      "version": "2.0.0",
      "resolved": "https://registry.npmjs.org/balanced-match/-/balanced-match-2.0.0.tgz",
      "integrity": "sha512-1ugUSr8BHXRnK23KfuYS+gVMC3LB8QGH9W1iGtDPsNWoQbgtXSExkBu2aDR4epiGWZOjZsj6lDl/N/AqqTC3UA=="
    },
    "escaper": {
      "version": "2.5.3",
      "resolved": "https://registry.npmjs.org/escaper/-/escaper-2.5.3.tgz",
      "integrity": "sha512-QGb9sFxBVpbzMggrKTX0ry1oiI4CSDAl9vIL702hzl1jGW8VZs7qfqTRX7WDOjoNDoEVGcEtu1ZOQgReSfT2kQ=="
    },
    "glslx": {
      "version": "0.3.0",
      "resolved": "https://registry.npmjs.org/glslx/-/glslx-0.3.0.tgz",
      "integrity": "sha512-T6RUrpLr7fRXUFWc5nAUN42tEzjYDLEJC1HcjIL7tXAGfsjXXslTmFhsC8cJPnB22r1D1MaXt/JmY/ugrXRj/Q=="
    },
    "object-assign": {
      "version": "4.1.1",
      "resolved": "https://registry.npmjs.org/object-assign/-/object-assign-4.1.1.tgz",
      "integrity": "sha1-IQmtx5ZYh8/AXLvUQsrIv7s2CGM="
    },
    "parenthesis": {
      "version": "3.1.8",
      "resolved": "https://registry.npmjs.org/parenthesis/-/parenthesis-3.1.8.tgz",
      "integrity": "sha512-KF/U8tk54BgQewkJPvB4s/US3VQY68BRDpH638+7O/n58TpnwiwnOtGIOsT2/i+M78s61BBpeC83STB88d8sqw=="
    },
    "prepr": {
      "version": "2.0.1",
      "resolved": "https://registry.npmjs.org/prepr/-/prepr-2.0.1.tgz",
      "integrity": "sha512-NlkMq00i7fMGkYG7Deas85x9eF14Aalo2fg4MSmyOCmcqINGM+sL6qoip33Jn+O2QoeTg21m+U3wgYO34S+3Gg==",
      "requires": {
        "balanced-match": "^2.0.0",
        "escaper": "^2.5.3",
        "object-assign": "^4.1.1",
        "parenthesis": "^3.1.8",
        "strip-json-comments": "^3.1.1",
        "subscript": "^7.3.1"
      }
    },
    "strip-json-comments": {
      "version": "3.1.1",
      "resolved": "https://registry.npmjs.org/strip-json-comments/-/strip-json-comments-3.1.1.tgz",
      "integrity": "sha512-6fPc+R4ihwqP6N/aIv2f1gMH8lOVtWQHoqC4yK6oSDVVocumAsfCqjkXnqiYMhmMwS/mEHLp7Vehlt3ql6lEig=="
    },
    "subscript": {
      "version": "7.3.1",
      "resolved": "https://registry.npmjs.org/subscript/-/subscript-7.3.1.tgz",
      "integrity": "sha512-6GhrvO2MTQU+o099BCzAQFcXE2z76FapKPdQdDe1bkMRzTqcMOkU+BMbdIdzWPPATqu3hNu/AyTiRDFSP0rqYw=="
    }
  }
}
